
Microsoft Visual Studio Solution File, Format Version 12.00
# Visual Studio Version 17
VisualStudioVersion = 17.8.34330.188
MinimumVisualStudioVersion = 10.0.40219.1
Project("{FAE04EC0-301F-11D3-BF4B-00C04F79EFBC}") = "ProjectFB", "ProjectFB\ProjectFB.csproj", "{99ACB6DB-8EB3-4F82-80CD-866E5DFB7BDF}"
EndProject
Global
	GlobalSection(SolutionConfigurationPlatforms) = preSolution
		Debug|Any CPU = Debug|Any CPU
		Release|Any CPU = Release|Any CPU
	EndGlobalSection
	GlobalSection(ProjectConfigurationPlatforms) = postSolution
		{99ACB6DB-8EB3-4F82-80CD-866E5DFB7BDF}.Debug|Any CPU.ActiveCfg = Debug|Any CPU
		{99ACB6DB-8EB3-4F82-80CD-866E5DFB7BDF}.Debug|Any CPU.Build.0 = Debug|Any CPU
		{99ACB6DB-8EB3-4F82-80CD-866E5DFB7BDF}.Release|Any CPU.ActiveCfg = Release|Any CPU
		{99ACB6DB-8EB3-4F82-80CD-866E5DFB7BDF}.Release|Any CPU.Build.0 = Release|Any CPU
	EndGlobalSection
	GlobalSection(SolutionProperties) = preSolution
		HideSolutionNode = FALSE
	EndGlobalSection
	GlobalSection(ExtensibilityGlobals) = postSolution
		SolutionGuid = {7082D116-DE80-4AA1-AB74-C43ED43FFA61}
	EndGlobalSection
EndGlobal
